{
  "name": "island-mini-test",
  "version": "1.0.0",
  "lockfileVersion": 1,
  "requires": true,
  "dependencies": {
    "js-base64": {
      "version": "2.5.2",
      "resolved": "https://registry.npm.taobao.org/js-base64/download/js-base64-2.5.2.tgz?cache=0&other_urls=https%3A%2F%2Fregistry.npm.taobao.org%2Fjs-base64%2Fdownload%2Fjs-base64-2.5.2.tgz",
      "integrity": "sha1-MTtidN2nGPcU0AszMLuubjjpAgk="
    },
    "lin-ui": {
      "version": "0.8.1",
      "resolved": "https://registry.npm.taobao.org/lin-ui/download/lin-ui-0.8.1.tgz",
      "integrity": "sha1-Cr4IrxN0nDqNafLKx4QfRB+pldw="
    }
  }
}
